
Microsoft Visual Studio Solution File, Format Version 12.00
# Visual Studio 2012
Project("{FAE04EC0-301F-11D3-BF4B-00C04F79EFBC}") = "Deck", "Deck\Deck.csproj", "{D8BA318C-C0F1-49C3-8D24-7C9E95C9B1D1}"
EndProject
Project("{FAE04EC0-301F-11D3-BF4B-00C04F79EFBC}") = "Deck.Tests", "Tests\Deck.Tests.csproj", "{ACB5AEE1-CC43-4500-89A2-5E899145B4EA}"
EndProject
Project("{2150E333-8FDC-42A3-9474-1A3956D46DE8}") = "Testing", "Testing", "{FA4C1958-E61B-4A41-ACE7-7641DD523E99}"
EndProject
Global
	GlobalSection(SolutionConfigurationPlatforms) = preSolution
		Debug|Any CPU = Debug|Any CPU
		Release|Any CPU = Release|Any CPU
	EndGlobalSection
	GlobalSection(ProjectConfigurationPlatforms) = postSolution
		{D8BA318C-C0F1-49C3-8D24-7C9E95C9B1D1}.Debug|Any CPU.ActiveCfg = Debug|Any CPU
		{D8BA318C-C0F1-49C3-8D24-7C9E95C9B1D1}.Debug|Any CPU.Build.0 = Debug|Any CPU
		{D8BA318C-C0F1-49C3-8D24-7C9E95C9B1D1}.Release|Any CPU.ActiveCfg = Release|Any CPU
		{D8BA318C-C0F1-49C3-8D24-7C9E95C9B1D1}.Release|Any CPU.Build.0 = Release|Any CPU
		{ACB5AEE1-CC43-4500-89A2-5E899145B4EA}.Debug|Any CPU.ActiveCfg = Debug|Any CPU
		{ACB5AEE1-CC43-4500-89A2-5E899145B4EA}.Debug|Any CPU.Build.0 = Debug|Any CPU
		{ACB5AEE1-CC43-4500-89A2-5E899145B4EA}.Release|Any CPU.ActiveCfg = Release|Any CPU
		{ACB5AEE1-CC43-4500-89A2-5E899145B4EA}.Release|Any CPU.Build.0 = Release|Any CPU
	EndGlobalSection
	GlobalSection(SolutionProperties) = preSolution
		HideSolutionNode = FALSE
	EndGlobalSection
	GlobalSection(NestedProjects) = preSolution
		{ACB5AEE1-CC43-4500-89A2-5E899145B4EA} = {FA4C1958-E61B-4A41-ACE7-7641DD523E99}
	EndGlobalSection
EndGlobal
